<?xml version="1.0" encoding="utf-8"?>
<Project ToolsVersion="4.0" xmlns="http://schemas.microsoft.com/developer/msbuild/2003">
  <ItemGroup>
    <Filter Include="Header Files">
      <UniqueIdentifier>{93995380-89BD-4b04-88EB-625FBE52EBFB}</UniqueIdentifier>
      <Extensions>h;hh;hpp;hxx;hm;inl;inc;xsd</Extensions>
    </Filter>
    <Filter Include="SpatialResolutionCalc">
      <UniqueIdentifier>{ab38c205-e676-4378-af02-7284a399b738}</UniqueIdentifier>
    </Filter>
    <Filter Include="MarginDataFilter">
      <UniqueIdentifier>{825798c6-92bb-4e65-a22f-2b5b3ce8da72}</UniqueIdentifier>
    </Filter>
    <Filter Include="DimensionFit">
      <UniqueIdentifier>{0ec37551-02a8-42a6-9ee5-ff0b91f6b2cb}</UniqueIdentifier>
    </Filter>
    <Filter Include="MeanNyqDistanceCalc">
      <UniqueIdentifier>{d539a85c-82fe-4efd-bbe2-a9b43c32fa21}</UniqueIdentifier>
    </Filter>
  </ItemGroup>
  <ItemGroup>
    <Text Include="ReadMe.txt" />
  </ItemGroup>
  <ItemGroup>
    <ClInclude Include="stdafx.h">
      <Filter>Header Files</Filter>
    </ClInclude>
    <ClInclude Include="targetver.h">
      <Filter>Header Files</Filter>
    </ClInclude>
    <ClInclude Include="SpatialResolutionCalc\SpatialResolutionCalc.h">
      <Filter>SpatialResolutionCalc</Filter>
    </ClInclude>
    <ClInclude Include="DimensionFit\BFGSOptimizer.h">
      <Filter>DimensionFit</Filter>
    </ClInclude>
    <ClInclude Include="DimensionFit\CurveFitting.h">
      <Filter>DimensionFit</Filter>
    </ClInclude>
    <ClInclude Include="MarginDataFilter\MarginDataFilter.h">
      <Filter>MarginDataFilter</Filter>
    </ClInclude>
    <ClInclude Include="MeanNyqDistanceCalc\ConsecutiveFilter.h">
      <Filter>MeanNyqDistanceCalc</Filter>
    </ClInclude>
    <ClInclude Include="MeanNyqDistanceCalc\DimensionLocDensityCalc.h">
      <Filter>MeanNyqDistanceCalc</Filter>
    </ClInclude>
    <ClInclude Include="MeanNyqDistanceCalc\DimensionLocDensityCalc_Para.h">
      <Filter>MeanNyqDistanceCalc</Filter>
    </ClInclude>
  </ItemGroup>
  <ItemGroup>
    <ClCompile Include="SpatialResolutionCalc\SpatialResolutionCalc.cpp">
      <Filter>SpatialResolutionCalc</Filter>
    </ClCompile>
    <ClCompile Include="stdafx.cpp">
      <Filter>Header Files</Filter>
    </ClCompile>
    <ClCompile Include="DimensionFit\CurveFitting.cpp">
      <Filter>DimensionFit</Filter>
    </ClCompile>
  </ItemGroup>
  <ItemGroup>
    <CudaCompile Include="MarginDataFilter\MarginDataFilter.cu">
      <Filter>MarginDataFilter</Filter>
    </CudaCompile>
    <CudaCompile Include="MeanNyqDistanceCalc\ConsecutiveFilter.cu">
      <Filter>MeanNyqDistanceCalc</Filter>
    </CudaCompile>
    <CudaCompile Include="MeanNyqDistanceCalc\DimensionLocDensityCalc.cu">
      <Filter>MeanNyqDistanceCalc</Filter>
    </CudaCompile>
    <CudaCompile Include="MeanNyqDistanceCalc\DimensionLocDensityCalc_core.cu">
      <Filter>MeanNyqDistanceCalc</Filter>
    </CudaCompile>
    <CudaCompile Include="MeanNyqDistanceCalc\DimensionLocDensityCalc_FindFrame.cu">
      <Filter>MeanNyqDistanceCalc</Filter>
    </CudaCompile>
  </ItemGroup>
</Project>